// !$*UTF8*$!
{
	archiveVersion = 1;
	classes = {
	};
	objectVersion = 46;
	objects = {

/* Begin PBXBuildFile section */
		201F9D5552D4912C204A33DE /* Pods_RunningSocial.framework in Frameworks */ = {isa = PBXBuildFile; fileRef = 7DDEE55E5F5D424DF4981FC9 /* Pods_RunningSocial.framework */; };
		2B83FEE81EB911CE002C255E /* CoreLocation.framework in Frameworks */ = {isa = PBXBuildFile; fileRef = 2B83FEE71EB911CE002C255E /* CoreLocation.framework */; };
		2BCBA5361EBB9D4700D4F4D7 /* Location.swift in Sources */ = {isa = PBXBuildFile; fileRef = 2BCBA5351EBB9D4700D4F4D7 /* Location.swift */; };
		F60DFF4F1EB9249F006206B4 /* ViewRunViewController.swift in Sources */ = {isa = PBXBuildFile; fileRef = F60DFF4E1EB9249F006206B4 /* ViewRunViewController.swift */; };
		F63B17231EBBF1B000BD2CAD /* curtis-mac-newton-12711.jpg in Resources */ = {isa = PBXBuildFile; fileRef = F63B17221EBBF1B000BD2CAD /* curtis-mac-newton-12711.jpg */; };
		F6A4F7221EB7CC4F0081EFC7 /* RunListViewController.swift in Sources */ = {isa = PBXBuildFile; fileRef = F6A4F7211EB7CC4F0081EFC7 /* RunListViewController.swift */; };
		F6A4F7241EB7CFF00081EFC7 /* AddRunViewController.swift in Sources */ = {isa = PBXBuildFile; fileRef = F6A4F7231EB7CFF00081EFC7 /* AddRunViewController.swift */; };
		F6A4F7261EB7D22F0081EFC7 /* MapKit.framework in Frameworks */ = {isa = PBXBuildFile; fileRef = F6A4F7251EB7D22F0081EFC7 /* MapKit.framework */; };
		F6A4F7291EB7DE470081EFC7 /* User.swift in Sources */ = {isa = PBXBuildFile; fileRef = F6A4F7281EB7DE470081EFC7 /* User.swift */; };
		F6A4F72B1EB7DE550081EFC7 /* Run.swift in Sources */ = {isa = PBXBuildFile; fileRef = F6A4F72A1EB7DE550081EFC7 /* Run.swift */; };
		F6F72EC51EB7958F002EBA70 /* AppDelegate.swift in Sources */ = {isa = PBXBuildFile; fileRef = F6F72EC41EB7958F002EBA70 /* AppDelegate.swift */; };
		F6F72EC71EB7958F002EBA70 /* SignInViewController.swift in Sources */ = {isa = PBXBuildFile; fileRef = F6F72EC61EB7958F002EBA70 /* SignInViewController.swift */; };
		F6F72ECA1EB7958F002EBA70 /* Main.storyboard in Resources */ = {isa = PBXBuildFile; fileRef = F6F72EC81EB7958F002EBA70 /* Main.storyboard */; settings = {ASSET_TAGS = (1, ); }; };
		F6F72ECD1EB7958F002EBA70 /* RunningSocial.xcdatamodeld in Sources */ = {isa = PBXBuildFile; fileRef = F6F72ECB1EB7958F002EBA70 /* RunningSocial.xcdatamodeld */; };
		F6F72ECF1EB7958F002EBA70 /* Assets.xcassets in Resources */ = {isa = PBXBuildFile; fileRef = F6F72ECE1EB7958F002EBA70 /* Assets.xcassets */; };
		F6F72ED21EB7958F002EBA70 /* LaunchScreen.storyboard in Resources */ = {isa = PBXBuildFile; fileRef = F6F72ED01EB7958F002EBA70 /* LaunchScreen.storyboard */; };
		F6F72EDA1EB7A202002EBA70 /* GoogleService-Info.plist in Resources */ = {isa = PBXBuildFile; fileRef = F6F72ED91EB7A202002EBA70 /* GoogleService-Info.plist */; };
/* End PBXBuildFile section */

/* Begin PBXFileReference section */
		09F672D170F23C2112E2127D /* Pods-RunningSocial.debug.xcconfig */ = {isa = PBXFileReference; includeInIndex = 1; lastKnownFileType = text.xcconfig; name = "Pods-RunningSocial.debug.xcconfig"; path = "Pods/Target Support Files/Pods-RunningSocial/Pods-RunningSocial.debug.xcconfig"; sourceTree = "<group>"; };
		2B83FEE71EB911CE002C255E /* CoreLocation.framework */ = {isa = PBXFileReference; lastKnownFileType = wrapper.framework; name = CoreLocation.framework; path = System/Library/Frameworks/CoreLocation.framework; sourceTree = SDKROOT; };
		2BCBA5351EBB9D4700D4F4D7 /* Location.swift */ = {isa = PBXFileReference; fileEncoding = 4; lastKnownFileType = sourcecode.swift; path = Location.swift; sourceTree = "<group>"; };
		7DDEE55E5F5D424DF4981FC9 /* Pods_RunningSocial.framework */ = {isa = PBXFileReference; explicitFileType = wrapper.framework; includeInIndex = 0; path = Pods_RunningSocial.framework; sourceTree = BUILT_PRODUCTS_DIR; };
		874F5E69C4BF0F288FB53E80 /* Pods-RunningSocial.release.xcconfig */ = {isa = PBXFileReference; includeInIndex = 1; lastKnownFileType = text.xcconfig; name = "Pods-RunningSocial.release.xcconfig"; path = "Pods/Target Support Files/Pods-RunningSocial/Pods-RunningSocial.release.xcconfig"; sourceTree = "<group>"; };
		F60DFF4E1EB9249F006206B4 /* ViewRunViewController.swift */ = {isa = PBXFileReference; fileEncoding = 4; lastKnownFileType = sourcecode.swift; path = ViewRunViewController.swift; sourceTree = "<group>"; };
		F63B17221EBBF1B000BD2CAD /* curtis-mac-newton-12711.jpg */ = {isa = PBXFileReference; lastKnownFileType = image.jpeg; path = "curtis-mac-newton-12711.jpg"; sourceTree = "<group>"; };
		F6A4F7211EB7CC4F0081EFC7 /* RunListViewController.swift */ = {isa = PBXFileReference; fileEncoding = 4; lastKnownFileType = sourcecode.swift; path = RunListViewController.swift; sourceTree = "<group>"; };
		F6A4F7231EB7CFF00081EFC7 /* AddRunViewController.swift */ = {isa = PBXFileReference; fileEncoding = 4; lastKnownFileType = sourcecode.swift; path = AddRunViewController.swift; sourceTree = "<group>"; };
		F6A4F7251EB7D22F0081EFC7 /* MapKit.framework */ = {isa = PBXFileReference; lastKnownFileType = wrapper.framework; name = MapKit.framework; path = System/Library/Frameworks/MapKit.framework; sourceTree = SDKROOT; };
		F6A4F7281EB7DE470081EFC7 /* User.swift */ = {isa = PBXFileReference; fileEncoding = 4; lastKnownFileType = sourcecode.swift; path = User.swift; sourceTree = "<group>"; };
		F6A4F72A1EB7DE550081EFC7 /* Run.swift */ = {isa = PBXFileReference; fileEncoding = 4; lastKnownFileType = sourcecode.swift; path = Run.swift; sourceTree = "<group>"; };
		F6F72EC11EB7958F002EBA70 /* RunningSocial.app */ = {isa = PBXFileReference; explicitFileType = wrapper.application; includeInIndex = 0; path = RunningSocial.app; sourceTree = BUILT_PRODUCTS_DIR; };
		F6F72EC41EB7958F002EBA70 /* AppDelegate.swift */ = {isa = PBXFileReference; lastKnownFileType = sourcecode.swift; path = AppDelegate.swift; sourceTree = "<group>"; };
		F6F72EC61EB7958F002EBA70 /* SignInViewController.swift */ = {isa = PBXFileReference; lastKnownFileType = sourcecode.swift; path = SignInViewController.swift; sourceTree = "<group>"; };
		F6F72EC91EB7958F002EBA70 /* Base */ = {isa = PBXFileReference; lastKnownFileType = file.storyboard; name = Base; path = Base.lproj/Main.storyboard; sourceTree = "<group>"; };
		F6F72ECC1EB7958F002EBA70 /* RunningSocial.xcdatamodel */ = {isa = PBXFileReference; lastKnownFileType = wrapper.xcdatamodel; path = RunningSocial.xcdatamodel; sourceTree = "<group>"; };
		F6F72ECE1EB7958F002EBA70 /* Assets.xcassets */ = {isa = PBXFileReference; lastKnownFileType = folder.assetcatalog; path = Assets.xcassets; sourceTree = "<group>"; };
		F6F72ED11EB7958F002EBA70 /* Base */ = {isa = PBXFileReference; lastKnownFileType = file.storyboard; name = Base; path = Base.lproj/LaunchScreen.storyboard; sourceTree = "<group>"; };
		F6F72ED31EB7958F002EBA70 /* Info.plist */ = {isa = PBXFileReference; lastKnownFileType = text.plist.xml; path = Info.plist; sourceTree = "<group>"; };
		F6F72ED91EB7A202002EBA70 /* GoogleService-Info.plist */ = {isa = PBXFileReference; fileEncoding = 4; lastKnownFileType = text.plist.xml; name = "GoogleService-Info.plist"; path = "../GoogleService-Info.plist"; sourceTree = "<group>"; };
/* End PBXFileReference section */

/* Begin PBXFrameworksBuildPhase section */
		F6F72EBE1EB7958F002EBA70 /* Frameworks */ = {
			isa = PBXFrameworksBuildPhase;
			buildActionMask = 2147483647;
			files = (
				2B83FEE81EB911CE002C255E /* CoreLocation.framework in Frameworks */,
				F6A4F7261EB7D22F0081EFC7 /* MapKit.framework in Frameworks */,
				201F9D5552D4912C204A33DE /* Pods_RunningSocial.framework in Frameworks */,
			);
			runOnlyForDeploymentPostprocessing = 0;
		};
/* End PBXFrameworksBuildPhase section */

/* Begin PBXGroup section */
		0FA4373E1EB79D8700C48AA7 /* ViewControllers */ = {
			isa = PBXGroup;
			children = (
				F6A4F7231EB7CFF00081EFC7 /* AddRunViewController.swift */,
				F6A4F7211EB7CC4F0081EFC7 /* RunListViewController.swift */,
				F6F72EC61EB7958F002EBA70 /* SignInViewController.swift */,
				F60DFF4E1EB9249F006206B4 /* ViewRunViewController.swift */,
			);
			name = ViewControllers;
			sourceTree = "<group>";
		};
		D0A149BC4270B34FDF4A4989 /* Frameworks */ = {
			isa = PBXGroup;
			children = (
				2B83FEE71EB911CE002C255E /* CoreLocation.framework */,
				F6A4F7251EB7D22F0081EFC7 /* MapKit.framework */,
				7DDEE55E5F5D424DF4981FC9 /* Pods_RunningSocial.framework */,
			);
			name = Frameworks;
			sourceTree = "<group>";
		};
		D9D6354280448E672927B832 /* Pods */ = {
			isa = PBXGroup;
			children = (
				09F672D170F23C2112E2127D /* Pods-RunningSocial.debug.xcconfig */,
				874F5E69C4BF0F288FB53E80 /* Pods-RunningSocial.release.xcconfig */,
			);
			name = Pods;
			sourceTree = "<group>";
		};
		F6A4F7271EB7DE270081EFC7 /* Models */ = {
			isa = PBXGroup;
			children = (
				F6A4F7281EB7DE470081EFC7 /* User.swift */,
				F6A4F72A1EB7DE550081EFC7 /* Run.swift */,
				2BCBA5351EBB9D4700D4F4D7 /* Location.swift */,
			);
			name = Models;
			sourceTree = "<group>";
		};
		F6F72EB81EB7958F002EBA70 = {
			isa = PBXGroup;
			children = (
				F6F72EC31EB7958F002EBA70 /* RunningSocial */,
				F6F72EC21EB7958F002EBA70 /* Products */,
				D9D6354280448E672927B832 /* Pods */,
				D0A149BC4270B34FDF4A4989 /* Frameworks */,
			);
			sourceTree = "<group>";
		};
		F6F72EC21EB7958F002EBA70 /* Products */ = {
			isa = PBXGroup;
			children = (
				F6F72EC11EB7958F002EBA70 /* RunningSocial.app */,
			);
			name = Products;
			sourceTree = "<group>";
		};
		F6F72EC31EB7958F002EBA70 /* RunningSocial */ = {
			isa = PBXGroup;
			children = (
				F6A4F7271EB7DE270081EFC7 /* Models */,
				0FA4373E1EB79D8700C48AA7 /* ViewControllers */,
				F6F72EC41EB7958F002EBA70 /* AppDelegate.swift */,
				F6F72EC81EB7958F002EBA70 /* Main.storyboard */,
				F6F72ECE1EB7958F002EBA70 /* Assets.xcassets */,
				F6F72ED01EB7958F002EBA70 /* LaunchScreen.storyboard */,
				F63B17221EBBF1B000BD2CAD /* curtis-mac-newton-12711.jpg */,
				F6F72ED31EB7958F002EBA70 /* Info.plist */,
				F6F72ECB1EB7958F002EBA70 /* RunningSocial.xcdatamodeld */,
				F6F72ED91EB7A202002EBA70 /* GoogleService-Info.plist */,
			);
			path = RunningSocial;
			sourceTree = "<group>";
		};
/* End PBXGroup section */

/* Begin PBXNativeTarget section */
		F6F72EC01EB7958F002EBA70 /* RunningSocial */ = {
			isa = PBXNativeTarget;
			buildConfigurationList = F6F72ED61EB7958F002EBA70 /* Build configuration list for PBXNativeTarget "RunningSocial" */;
			buildPhases = (
				816597943DCEEB6BAC47D9CB /* [CP] Check Pods Manifest.lock */,
				F6F72EBD1EB7958F002EBA70 /* Sources */,
				F6F72EBE1EB7958F002EBA70 /* Frameworks */,
				F6F72EBF1EB7958F002EBA70 /* Resources */,
				3381937B1164F5EFFF0FCF98 /* [CP] Embed Pods Frameworks */,
				07851DB45649D4C67B1CE3D9 /* [CP] Copy Pods Resources */,
			);
			buildRules = (
			);
			dependencies = (
			);
			name = RunningSocial;
			productName = RunningSocial;
			productReference = F6F72EC11EB7958F002EBA70 /* RunningSocial.app */;
			productType = "com.apple.product-type.application";
		};
/* End PBXNativeTarget section */

/* Begin PBXProject section */
		F6F72EB91EB7958F002EBA70 /* Project object */ = {
			isa = PBXProject;
			attributes = {
				KnownAssetTags = (
					1,
				);
				LastSwiftUpdateCheck = 0830;
				LastUpgradeCheck = 0830;
				ORGANIZATIONNAME = RunningSocial;
				TargetAttributes = {
					F6F72EC01EB7958F002EBA70 = {
						CreatedOnToolsVersion = 8.3.2;
						DevelopmentTeam = GW32FNEFP3;
						ProvisioningStyle = Automatic;
						SystemCapabilities = {
							com.apple.Maps.iOS = {
								enabled = 1;
							};
						};
					};
				};
			};
			buildConfigurationList = F6F72EBC1EB7958F002EBA70 /* Build configuration list for PBXProject "RunningSocial" */;
			compatibilityVersion = "Xcode 3.2";
			developmentRegion = English;
			hasScannedForEncodings = 0;
			knownRegions = (
				en,
				Base,
			);
			mainGroup = F6F72EB81EB7958F002EBA70;
			productRefGroup = F6F72EC21EB7958F002EBA70 /* Products */;
			projectDirPath = "";
			projectRoot = "";
			targets = (
				F6F72EC01EB7958F002EBA70 /* RunningSocial */,
			);
		};
/* End PBXProject section */

/* Begin PBXResourcesBuildPhase section */
		F6F72EBF1EB7958F002EBA70 /* Resources */ = {
			isa = PBXResourcesBuildPhase;
			buildActionMask = 2147483647;
			files = (
				F63B17231EBBF1B000BD2CAD /* curtis-mac-newton-12711.jpg in Resources */,
				F6F72ED21EB7958F002EBA70 /* LaunchScreen.storyboard in Resources */,
				F6F72ECF1EB7958F002EBA70 /* Assets.xcassets in Resources */,
				F6F72ECA1EB7958F002EBA70 /* Main.storyboard in Resources */,
				F6F72EDA1EB7A202002EBA70 /* GoogleService-Info.plist in Resources */,
			);
			runOnlyForDeploymentPostprocessing = 0;
		};
/* End PBXResourcesBuildPhase section */

/* Begin PBXShellScriptBuildPhase section */
		07851DB45649D4C67B1CE3D9 /* [CP] Copy Pods Resources */ = {
			isa = PBXShellScriptBuildPhase;
			buildActionMask = 2147483647;
			files = (
			);
			inputPaths = (
			);
			name = "[CP] Copy Pods Resources";
			outputPaths = (
			);
			runOnlyForDeploymentPostprocessing = 0;
			shellPath = /bin/sh;
			shellScript = "\"${SRCROOT}/Pods/Target Support Files/Pods-RunningSocial/Pods-RunningSocial-resources.sh\"\n";
			showEnvVarsInLog = 0;
		};
		3381937B1164F5EFFF0FCF98 /* [CP] Embed Pods Frameworks */ = {
			isa = PBXShellScriptBuildPhase;
			buildActionMask = 2147483647;
			files = (
			);
			inputPaths = (
			);
			name = "[CP] Embed Pods Frameworks";
			outputPaths = (
			);
			runOnlyForDeploymentPostprocessing = 0;
			shellPath = /bin/sh;
			shellScript = "\"${SRCROOT}/Pods/Target Support Files/Pods-RunningSocial/Pods-RunningSocial-frameworks.sh\"\n";
			showEnvVarsInLog = 0;
		};
		816597943DCEEB6BAC47D9CB /* [CP] Check Pods Manifest.lock */ = {
			isa = PBXShellScriptBuildPhase;
			buildActionMask = 2147483647;
			files = (
			);
			inputPaths = (
			);
			name = "[CP] Check Pods Manifest.lock";
			outputPaths = (
			);
			runOnlyForDeploymentPostprocessing = 0;
			shellPath = /bin/sh;
			shellScript = "diff \"${PODS_PODFILE_DIR_PATH}/Podfile.lock\" \"${PODS_ROOT}/Manifest.lock\" > /dev/null\nif [ $? != 0 ] ; then\n    # print error to STDERR\n    echo \"error: The sandbox is not in sync with the Podfile.lock. Run 'pod install' or update your CocoaPods installation.\" >&2\n    exit 1\nfi\n";
			showEnvVarsInLog = 0;
		};
/* End PBXShellScriptBuildPhase section */

/* Begin PBXSourcesBuildPhase section */
		F6F72EBD1EB7958F002EBA70 /* Sources */ = {
			isa = PBXSourcesBuildPhase;
			buildActionMask = 2147483647;
			files = (
				F6F72EC71EB7958F002EBA70 /* SignInViewController.swift in Sources */,
				F6F72ECD1EB7958F002EBA70 /* RunningSocial.xcdatamodeld in Sources */,
				2BCBA5361EBB9D4700D4F4D7 /* Location.swift in Sources */,
				F6A4F72B1EB7DE550081EFC7 /* Run.swift in Sources */,
				F6A4F7291EB7DE470081EFC7 /* User.swift in Sources */,
				F6A4F7221EB7CC4F0081EFC7 /* RunListViewController.swift in Sources */,
				F60DFF4F1EB9249F006206B4 /* ViewRunViewController.swift in Sources */,
				F6F72EC51EB7958F002EBA70 /* AppDelegate.swift in Sources */,
				F6A4F7241EB7CFF00081EFC7 /* AddRunViewController.swift in Sources */,
			);
			runOnlyForDeploymentPostprocessing = 0;
		};
/* End PBXSourcesBuildPhase section */

/* Begin PBXVariantGroup section */
		F6F72EC81EB7958F002EBA70 /* Main.storyboard */ = {
			isa = PBXVariantGroup;
			children = (
				F6F72EC91EB7958F002EBA70 /* Base */,
			);
			name = Main.storyboard;
			sourceTree = "<group>";
		};
		F6F72ED01EB7958F002EBA70 /* LaunchScreen.storyboard */ = {
			isa = PBXVariantGroup;
			children = (
				F6F72ED11EB7958F002EBA70 /* Base */,
			);
			name = LaunchScreen.storyboard;
			sourceTree = "<group>";
		};
/* End PBXVariantGroup section */

/* Begin XCBuildConfiguration section */
		F6F72ED41EB7958F002EBA70 /* Debug */ = {
			isa = XCBuildConfiguration;
			buildSettings = {
				ALWAYS_SEARCH_USER_PATHS = NO;
				CLANG_ANALYZER_NONNULL = YES;
				CLANG_ANALYZER_NUMBER_OBJECT_CONVERSION = YES_AGGRESSIVE;
				CLANG_CXX_LANGUAGE_STANDARD = "gnu++0x";
				CLANG_CXX_LIBRARY = "libc++";
				CLANG_ENABLE_MODULES = YES;
				CLANG_ENABLE_OBJC_ARC = YES;
				CLANG_WARN_BOOL_CONVERSION = YES;
				CLANG_WARN_CONSTANT_CONVERSION = YES;
				CLANG_WARN_DIRECT_OBJC_ISA_USAGE = YES_ERROR;
				CLANG_WARN_DOCUMENTATION_COMMENTS = YES;
				CLANG_WARN_EMPTY_BODY = YES;
				CLANG_WARN_ENUM_CONVERSION = YES;
				CLANG_WARN_INFINITE_RECURSION = YES;
				CLANG_WARN_INT_CONVERSION = YES;
				CLANG_WARN_OBJC_ROOT_CLASS = YES_ERROR;
				CLANG_WARN_SUSPICIOUS_MOVE = YES;
				CLANG_WARN_UNREACHABLE_CODE = YES;
				CLANG_WARN__DUPLICATE_METHOD_MATCH = YES;
				"CODE_SIGN_IDENTITY[sdk=iphoneos*]" = "iPhone Developer";
				COPY_PHASE_STRIP = NO;
				DEBUG_INFORMATION_FORMAT = dwarf;
				ENABLE_STRICT_OBJC_MSGSEND = YES;
				ENABLE_TESTABILITY = YES;
				GCC_C_LANGUAGE_STANDARD = gnu99;
				GCC_DYNAMIC_NO_PIC = NO;
				GCC_NO_COMMON_BLOCKS = YES;
				GCC_OPTIMIZATION_LEVEL = 0;
				GCC_PREPROCESSOR_DEFINITIONS = (
					"DEBUG=1",
					"$(inherited)",
				);
				GCC_WARN_64_TO_32_BIT_CONVERSION = YES;
				GCC_WARN_ABOUT_RETURN_TYPE = YES_ERROR;
				GCC_WARN_UNDECLARED_SELECTOR = YES;
				GCC_WARN_UNINITIALIZED_AUTOS = YES_AGGRESSIVE;
				GCC_WARN_UNUSED_FUNCTION = YES;
				GCC_WARN_UNUSED_VARIABLE = YES;
				IPHONEOS_DEPLOYMENT_TARGET = 10.3;
				MTL_ENABLE_DEBUG_INFO = YES;
				ONLY_ACTIVE_ARCH = YES;
				SDKROOT = iphoneos;
				SWIFT_ACTIVE_COMPILATION_CONDITIONS = DEBUG;
				SWIFT_OPTIMIZATION_LEVEL = "-Onone";
			};
			name = Debug;
		};
		F6F72ED51EB7958F002EBA70 /* Release */ = {
			isa = XCBuildConfiguration;
			buildSettings = {
				ALWAYS_SEARCH_USER_PATHS = NO;
				CLANG_ANALYZER_NONNULL = YES;
				CLANG_ANALYZER_NUMBER_OBJECT_CONVERSION = YES_AGGRESSIVE;
				CLANG_CXX_LANGUAGE_STANDARD = "gnu++0x";
				CLANG_CXX_LIBRARY = "libc++";
				CLANG_ENABLE_MODULES = YES;
				CLANG_ENABLE_OBJC_ARC = YES;
				CLANG_WARN_BOOL_CONVERSION = YES;
				CLANG_WARN_CONSTANT_CONVERSION = YES;
				CLANG_WARN_DIRECT_OBJC_ISA_USAGE = YES_ERROR;
				CLANG_WARN_DOCUMENTATION_COMMENTS = YES;
				CLANG_WARN_EMPTY_BODY = YES;
				CLANG_WARN_ENUM_CONVERSION = YES;
				CLANG_WARN_INFINITE_RECURSION = YES;
				CLANG_WARN_INT_CONVERSION = YES;
				CLANG_WARN_OBJC_ROOT_CLASS = YES_ERROR;
				CLANG_WARN_SUSPICIOUS_MOVE = YES;
				CLANG_WARN_UNREACHABLE_CODE = YES;
				CLANG_WARN__DUPLICATE_METHOD_MATCH = YES;
				"CODE_SIGN_IDENTITY[sdk=iphoneos*]" = "iPhone Developer";
				COPY_PHASE_STRIP = NO;
				DEBUG_INFORMATION_FORMAT = "dwarf-with-dsym";
				ENABLE_NS_ASSERTIONS = NO;
				ENABLE_STRICT_OBJC_MSGSEND = YES;
				GCC_C_LANGUAGE_STANDARD = gnu99;
				GCC_NO_COMMON_BLOCKS = YES;
				GCC_WARN_64_TO_32_BIT_CONVERSION = YES;
				GCC_WARN_ABOUT_RETURN_TYPE = YES_ERROR;
				GCC_WARN_UNDECLARED_SELECTOR = YES;
				GCC_WARN_UNINITIALIZED_AUTOS = YES_AGGRESSIVE;
				GCC_WARN_UNUSED_FUNCTION = YES;
				GCC_WARN_UNUSED_VARIABLE = YES;
				IPHONEOS_DEPLOYMENT_TARGET = 10.3;
				MTL_ENABLE_DEBUG_INFO = NO;
				SDKROOT = iphoneos;
				SWIFT_OPTIMIZATION_LEVEL = "-Owholemodule";
				VALIDATE_PRODUCT = YES;
			};
			name = Release;
		};
		F6F72ED71EB7958F002EBA70 /* Debug */ = {
			isa = XCBuildConfiguration;
			baseConfigurationReference = 09F672D170F23C2112E2127D /* Pods-RunningSocial.debug.xcconfig */;
			buildSettings = {
				ASSETCATALOG_COMPILER_APPICON_NAME = AppIcon;
				DEVELOPMENT_TEAM = GW32FNEFP3;
				INFOPLIST_FILE = RunningSocial/Info.plist;
				LD_RUNPATH_SEARCH_PATHS = "$(inherited) @executable_path/Frameworks";
				PRODUCT_BUNDLE_IDENTIFIER = com.lanefaison.RunningSocial;
				PRODUCT_NAME = "$(TARGET_NAME)";
				SWIFT_VERSION = 3.0;
				TARGETED_DEVICE_FAMILY = 1;
			};
			name = Debug;
		};
		F6F72ED81EB7958F002EBA70 /* Release */ = {
			isa = XCBuildConfiguration;
			baseConfigurationReference = 874F5E69C4BF0F288FB53E80 /* Pods-RunningSocial.release.xcconfig */;
			buildSettings = {
				ASSETCATALOG_COMPILER_APPICON_NAME = AppIcon;
				DEVELOPMENT_TEAM = GW32FNEFP3;
				INFOPLIST_FILE = RunningSocial/Info.plist;
				LD_RUNPATH_SEARCH_PATHS = "$(inherited) @executable_path/Frameworks";
				PRODUCT_BUNDLE_IDENTIFIER = com.lanefaison.RunningSocial;
				PRODUCT_NAME = "$(TARGET_NAME)";
				SWIFT_VERSION = 3.0;
				TARGETED_DEVICE_FAMILY = 1;
			};
			name = Release;
		};
/* End XCBuildConfiguration section */

/* Begin XCConfigurationList section */
		F6F72EBC1EB7958F002EBA70 /* Build configuration list for PBXProject "RunningSocial" */ = {
			isa = XCConfigurationList;
			buildConfigurations = (
				F6F72ED41EB7958F002EBA70 /* Debug */,
				F6F72ED51EB7958F002EBA70 /* Release */,
			);
			defaultConfigurationIsVisible = 0;
			defaultConfigurationName = Release;
		};
		F6F72ED61EB7958F002EBA70 /* Build configuration list for PBXNativeTarget "RunningSocial" */ = {
			isa = XCConfigurationList;
			buildConfigurations = (
				F6F72ED71EB7958F002EBA70 /* Debug */,
				F6F72ED81EB7958F002EBA70 /* Release */,
			);
			defaultConfigurationIsVisible = 0;
			defaultConfigurationName = Release;
		};
/* End XCConfigurationList section */

/* Begin XCVersionGroup section */
		F6F72ECB1EB7958F002EBA70 /* RunningSocial.xcdatamodeld */ = {
			isa = XCVersionGroup;
			children = (
				F6F72ECC1EB7958F002EBA70 /* RunningSocial.xcdatamodel */,
			);
			currentVersion = F6F72ECC1EB7958F002EBA70 /* RunningSocial.xcdatamodel */;
			path = RunningSocial.xcdatamodeld;
			sourceTree = "<group>";
			versionGroupType = wrapper.xcdatamodel;
		};
/* End XCVersionGroup section */
	};
	rootObject = F6F72EB91EB7958F002EBA70 /* Project object */;
}
